Microsoft Visual Studio Solution File, Format Version 12.00
# Visual Studio Version 17
VisualStudioVersion = 17.14.36429.23 d17.14
MinimumVisualStudioVersion = 10.0.40219.1
Project("{8BC9CEB8-8B4A-11D0-8D11-00A0C91BC942}") = "003-JsonConfig", "003-JsonConfig.vcxproj", "{7836DF2A-A63D-41D7-8BBB-260E26625F59}"
EndProject
Global
	GlobalSection(SolutionConfigurationPlatforms) = preSolution
		Debug|x64 = Debug|x64
		Release|x64 = Release|x64
	EndGlobalSection
	GlobalSection(ProjectConfigurationPlatforms) = postSolution
		{7836DF2A-A63D-41D7-8BBB-260E26625F59}.Debug|x64.ActiveCfg = Debug|x64
		{7836DF2A-A63D-41D7-8BBB-260E26625F59}.Debug|x64.Build.0 = Debug|x64
		{7836DF2A-A63D-41D7-8BBB-260E26625F59}.Release|x64.ActiveCfg = Release|x64
		{7836DF2A-A63D-41D7-8BBB-260E26625F59}.Release|x64.Build.0 = Release|x64
	EndGlobalSection
	GlobalSection(SolutionProperties) = preSolution
		HideSolutionNode = FALSE
	EndGlobalSection
	GlobalSection(ExtensibilityGlobals) = postSolution
		SolutionGuid = {A96BB792-A950-489F-89D8-E999E4A5A730}
	EndGlobalSection
EndGlobal
